// !$*UTF8*$!
{
	archiveVersion = 1;
	classes = {
	};
	objectVersion = 56;
	objects = {

/* Begin PBXBuildFile section */
		2425D5CD2AE5B1BD00379D68 /* MediaListRow.swift in Sources */ = {isa = PBXBuildFile; fileRef = 2425D5CC2AE5B1BD00379D68 /* MediaListRow.swift */; };
		2426FF152AE4BC33007F425C /* MinimumSongs.swift in Sources */ = {isa = PBXBuildFile; fileRef = 2426FF142AE4BC33007F425C /* MinimumSongs.swift */; };
		2426FF172AE4BDC1007F425C /* SyncStorage.swift in Sources */ = {isa = PBXBuildFile; fileRef = 2426FF162AE4BDC1007F425C /* SyncStorage.swift */; };
		2434953A2AE47FF20038D8D4 /* Foundation+Extensions.swift in Sources */ = {isa = PBXBuildFile; fileRef = 243495382AE47FF20038D8D4 /* Foundation+Extensions.swift */; };
		2434953D2AE480040038D8D4 /* MediaCollection.swift in Sources */ = {isa = PBXBuildFile; fileRef = 2434953C2AE480040038D8D4 /* MediaCollection.swift */; };
		2434953F2AE48A920038D8D4 /* MediaList.swift in Sources */ = {isa = PBXBuildFile; fileRef = 2434953E2AE48A920038D8D4 /* MediaList.swift */; };
		243495412AE493890038D8D4 /* Color+Extensions.swift in Sources */ = {isa = PBXBuildFile; fileRef = 243495402AE493890038D8D4 /* Color+Extensions.swift */; };
		243495432AE493A90038D8D4 /* UIKit+Extensions.swift in Sources */ = {isa = PBXBuildFile; fileRef = 243495422AE493A90038D8D4 /* UIKit+Extensions.swift */; };
		244765932AE4FE5000467DE2 /* SettingsView.swift in Sources */ = {isa = PBXBuildFile; fileRef = 244765922AE4FE5000467DE2 /* SettingsView.swift */; };
		244765952AE5021000467DE2 /* CombineGroupings.swift in Sources */ = {isa = PBXBuildFile; fileRef = 244765942AE5021000467DE2 /* CombineGroupings.swift */; };
		244765982AE50DCA00467DE2 /* CreateCombineGrouping.swift in Sources */ = {isa = PBXBuildFile; fileRef = 244765972AE50DCA00467DE2 /* CreateCombineGrouping.swift */; };
		246ECD782AE5C91E00E90334 /* EmptyMediaList.swift in Sources */ = {isa = PBXBuildFile; fileRef = 246ECD772AE5C91E00E90334 /* EmptyMediaList.swift */; };
		249BF6A92AE3683C00A3E2F1 /* HeartBeatsApp.swift in Sources */ = {isa = PBXBuildFile; fileRef = 249BF6A82AE3683C00A3E2F1 /* HeartBeatsApp.swift */; };
		249BF6AB2AE3683C00A3E2F1 /* ContentView.swift in Sources */ = {isa = PBXBuildFile; fileRef = 249BF6AA2AE3683C00A3E2F1 /* ContentView.swift */; };
		249BF6AD2AE3683D00A3E2F1 /* Assets.xcassets in Resources */ = {isa = PBXBuildFile; fileRef = 249BF6AC2AE3683D00A3E2F1 /* Assets.xcassets */; };
		249BF6B12AE3683D00A3E2F1 /* Preview Assets.xcassets in Resources */ = {isa = PBXBuildFile; fileRef = 249BF6B02AE3683D00A3E2F1 /* Preview Assets.xcassets */; };
/* End PBXBuildFile section */

/* Begin PBXFileReference section */
		2425D5CC2AE5B1BD00379D68 /* MediaListRow.swift */ = {isa = PBXFileReference; lastKnownFileType = sourcecode.swift; path = MediaListRow.swift; sourceTree = "<group>"; };
		2426FF142AE4BC33007F425C /* MinimumSongs.swift */ = {isa = PBXFileReference; lastKnownFileType = sourcecode.swift; path = MinimumSongs.swift; sourceTree = "<group>"; };
		2426FF162AE4BDC1007F425C /* SyncStorage.swift */ = {isa = PBXFileReference; lastKnownFileType = sourcecode.swift; path = SyncStorage.swift; sourceTree = "<group>"; };
		243495382AE47FF20038D8D4 /* Foundation+Extensions.swift */ = {isa = PBXFileReference; fileEncoding = 4; lastKnownFileType = sourcecode.swift; path = "Foundation+Extensions.swift"; sourceTree = "<group>"; };
		2434953C2AE480040038D8D4 /* MediaCollection.swift */ = {isa = PBXFileReference; lastKnownFileType = sourcecode.swift; path = MediaCollection.swift; sourceTree = "<group>"; };
		2434953E2AE48A920038D8D4 /* MediaList.swift */ = {isa = PBXFileReference; lastKnownFileType = sourcecode.swift; path = MediaList.swift; sourceTree = "<group>"; };
		243495402AE493890038D8D4 /* Color+Extensions.swift */ = {isa = PBXFileReference; lastKnownFileType = sourcecode.swift; path = "Color+Extensions.swift"; sourceTree = "<group>"; };
		243495422AE493A90038D8D4 /* UIKit+Extensions.swift */ = {isa = PBXFileReference; lastKnownFileType = sourcecode.swift; path = "UIKit+Extensions.swift"; sourceTree = "<group>"; };
		244765922AE4FE5000467DE2 /* SettingsView.swift */ = {isa = PBXFileReference; lastKnownFileType = sourcecode.swift; path = SettingsView.swift; sourceTree = "<group>"; };
		244765942AE5021000467DE2 /* CombineGroupings.swift */ = {isa = PBXFileReference; lastKnownFileType = sourcecode.swift; path = CombineGroupings.swift; sourceTree = "<group>"; };
		244765972AE50DCA00467DE2 /* CreateCombineGrouping.swift */ = {isa = PBXFileReference; lastKnownFileType = sourcecode.swift; path = CreateCombineGrouping.swift; sourceTree = "<group>"; };
		246ECD762AE5B6DB00E90334 /* Info.plist */ = {isa = PBXFileReference; lastKnownFileType = text.plist.xml; path = Info.plist; sourceTree = "<group>"; };
		246ECD772AE5C91E00E90334 /* EmptyMediaList.swift */ = {isa = PBXFileReference; lastKnownFileType = sourcecode.swift; path = EmptyMediaList.swift; sourceTree = "<group>"; };
		249BF6A52AE3683C00A3E2F1 /* Heart Beats.app */ = {isa = PBXFileReference; explicitFileType = wrapper.application; includeInIndex = 0; path = "Heart Beats.app"; sourceTree = BUILT_PRODUCTS_DIR; };
		249BF6A82AE3683C00A3E2F1 /* HeartBeatsApp.swift */ = {isa = PBXFileReference; lastKnownFileType = sourcecode.swift; path = HeartBeatsApp.swift; sourceTree = "<group>"; };
		249BF6AA2AE3683C00A3E2F1 /* ContentView.swift */ = {isa = PBXFileReference; lastKnownFileType = sourcecode.swift; path = ContentView.swift; sourceTree = "<group>"; };
		249BF6AC2AE3683D00A3E2F1 /* Assets.xcassets */ = {isa = PBXFileReference; lastKnownFileType = folder.assetcatalog; path = Assets.xcassets; sourceTree = "<group>"; };
		249BF6AE2AE3683D00A3E2F1 /* HeartBeats.entitlements */ = {isa = PBXFileReference; lastKnownFileType = text.plist.entitlements; path = HeartBeats.entitlements; sourceTree = "<group>"; };
		249BF6B02AE3683D00A3E2F1 /* Preview Assets.xcassets */ = {isa = PBXFileReference; lastKnownFileType = folder.assetcatalog; path = "Preview Assets.xcassets"; sourceTree = "<group>"; };
/* End PBXFileReference section */

/* Begin PBXFrameworksBuildPhase section */
		249BF6A22AE3683C00A3E2F1 /* Frameworks */ = {
			isa = PBXFrameworksBuildPhase;
			buildActionMask = 2147483647;
			files = (
			);
			runOnlyForDeploymentPostprocessing = 0;
		};
/* End PBXFrameworksBuildPhase section */

/* Begin PBXGroup section */
		2425D5CE2AE5B29700379D68 /* MediaList */ = {
			isa = PBXGroup;
			children = (
				2434953E2AE48A920038D8D4 /* MediaList.swift */,
				246ECD772AE5C91E00E90334 /* EmptyMediaList.swift */,
				2425D5CC2AE5B1BD00379D68 /* MediaListRow.swift */,
			);
			path = MediaList;
			sourceTree = "<group>";
		};
		2426FF122AE4AFF4007F425C /* ViewModels */ = {
			isa = PBXGroup;
			children = (
				2434953C2AE480040038D8D4 /* MediaCollection.swift */,
				2426FF162AE4BDC1007F425C /* SyncStorage.swift */,
			);
			path = ViewModels;
			sourceTree = "<group>";
		};
		243495372AE47FE60038D8D4 /* Extensions */ = {
			isa = PBXGroup;
			children = (
				243495382AE47FF20038D8D4 /* Foundation+Extensions.swift */,
				243495402AE493890038D8D4 /* Color+Extensions.swift */,
				243495422AE493A90038D8D4 /* UIKit+Extensions.swift */,
			);
			path = Extensions;
			sourceTree = "<group>";
		};
		244765962AE50DB500467DE2 /* Settings */ = {
			isa = PBXGroup;
			children = (
				244765922AE4FE5000467DE2 /* SettingsView.swift */,
				244765942AE5021000467DE2 /* CombineGroupings.swift */,
				244765972AE50DCA00467DE2 /* CreateCombineGrouping.swift */,
			);
			path = Settings;
			sourceTree = "<group>";
		};
		249BF69C2AE3683C00A3E2F1 = {
			isa = PBXGroup;
			children = (
				249BF6A72AE3683C00A3E2F1 /* Views */,
				2426FF122AE4AFF4007F425C /* ViewModels */,
				243495372AE47FE60038D8D4 /* Extensions */,
				24DBAA652AE4D7DC009965C8 /* Assets */,
				249BF6A62AE3683C00A3E2F1 /* Products */,
			);
			sourceTree = "<group>";
		};
		249BF6A62AE3683C00A3E2F1 /* Products */ = {
			isa = PBXGroup;
			children = (
				249BF6A52AE3683C00A3E2F1 /* Heart Beats.app */,
			);
			name = Products;
			sourceTree = "<group>";
		};
		249BF6A72AE3683C00A3E2F1 /* Views */ = {
			isa = PBXGroup;
			children = (
				249BF6A82AE3683C00A3E2F1 /* HeartBeatsApp.swift */,
				249BF6AA2AE3683C00A3E2F1 /* ContentView.swift */,
				2426FF142AE4BC33007F425C /* MinimumSongs.swift */,
				2425D5CE2AE5B29700379D68 /* MediaList */,
				244765962AE50DB500467DE2 /* Settings */,
			);
			path = Views;
			sourceTree = "<group>";
		};
		249BF6AF2AE3683D00A3E2F1 /* Preview Content */ = {
			isa = PBXGroup;
			children = (
				249BF6B02AE3683D00A3E2F1 /* Preview Assets.xcassets */,
			);
			path = "Preview Content";
			sourceTree = "<group>";
		};
		24DBAA652AE4D7DC009965C8 /* Assets */ = {
			isa = PBXGroup;
			children = (
				249BF6AC2AE3683D00A3E2F1 /* Assets.xcassets */,
				246ECD762AE5B6DB00E90334 /* Info.plist */,
				249BF6AE2AE3683D00A3E2F1 /* HeartBeats.entitlements */,
				249BF6AF2AE3683D00A3E2F1 /* Preview Content */,
			);
			path = Assets;
			sourceTree = "<group>";
		};
/* End PBXGroup section */

/* Begin PBXNativeTarget section */
		249BF6A42AE3683C00A3E2F1 /* Heart Beats */ = {
			isa = PBXNativeTarget;
			buildConfigurationList = 249BF6B42AE3683D00A3E2F1 /* Build configuration list for PBXNativeTarget "Heart Beats" */;
			buildPhases = (
				249BF6A12AE3683C00A3E2F1 /* Sources */,
				249BF6A22AE3683C00A3E2F1 /* Frameworks */,
				249BF6A32AE3683C00A3E2F1 /* Resources */,
			);
			buildRules = (
			);
			dependencies = (
			);
			name = "Heart Beats";
			productName = HeartBeats;
			productReference = 249BF6A52AE3683C00A3E2F1 /* Heart Beats.app */;
			productType = "com.apple.product-type.application";
		};
/* End PBXNativeTarget section */

/* Begin PBXProject section */
		249BF69D2AE3683C00A3E2F1 /* Project object */ = {
			isa = PBXProject;
			attributes = {
				BuildIndependentTargetsInParallel = 1;
				LastSwiftUpdateCheck = 1500;
				LastUpgradeCheck = 1500;
				TargetAttributes = {
					249BF6A42AE3683C00A3E2F1 = {
						CreatedOnToolsVersion = 15.0;
					};
				};
			};
			buildConfigurationList = 249BF6A02AE3683C00A3E2F1 /* Build configuration list for PBXProject "Heart Beats" */;
			compatibilityVersion = "Xcode 14.0";
			developmentRegion = en;
			hasScannedForEncodings = 0;
			knownRegions = (
				en,
				Base,
			);
			mainGroup = 249BF69C2AE3683C00A3E2F1;
			productRefGroup = 249BF6A62AE3683C00A3E2F1 /* Products */;
			projectDirPath = "";
			projectRoot = "";
			targets = (
				249BF6A42AE3683C00A3E2F1 /* Heart Beats */,
			);
		};
/* End PBXProject section */

/* Begin PBXResourcesBuildPhase section */
		249BF6A32AE3683C00A3E2F1 /* Resources */ = {
			isa = PBXResourcesBuildPhase;
			buildActionMask = 2147483647;
			files = (
				249BF6B12AE3683D00A3E2F1 /* Preview Assets.xcassets in Resources */,
				249BF6AD2AE3683D00A3E2F1 /* Assets.xcassets in Resources */,
			);
			runOnlyForDeploymentPostprocessing = 0;
		};
/* End PBXResourcesBuildPhase section */

/* Begin PBXSourcesBuildPhase section */
		249BF6A12AE3683C00A3E2F1 /* Sources */ = {
			isa = PBXSourcesBuildPhase;
			buildActionMask = 2147483647;
			files = (
				2426FF152AE4BC33007F425C /* MinimumSongs.swift in Sources */,
				244765952AE5021000467DE2 /* CombineGroupings.swift in Sources */,
				244765982AE50DCA00467DE2 /* CreateCombineGrouping.swift in Sources */,
				2434953D2AE480040038D8D4 /* MediaCollection.swift in Sources */,
				2425D5CD2AE5B1BD00379D68 /* MediaListRow.swift in Sources */,
				249BF6AB2AE3683C00A3E2F1 /* ContentView.swift in Sources */,
				243495432AE493A90038D8D4 /* UIKit+Extensions.swift in Sources */,
				243495412AE493890038D8D4 /* Color+Extensions.swift in Sources */,
				244765932AE4FE5000467DE2 /* SettingsView.swift in Sources */,
				2434953A2AE47FF20038D8D4 /* Foundation+Extensions.swift in Sources */,
				2434953F2AE48A920038D8D4 /* MediaList.swift in Sources */,
				249BF6A92AE3683C00A3E2F1 /* HeartBeatsApp.swift in Sources */,
				246ECD782AE5C91E00E90334 /* EmptyMediaList.swift in Sources */,
				2426FF172AE4BDC1007F425C /* SyncStorage.swift in Sources */,
			);
			runOnlyForDeploymentPostprocessing = 0;
		};
/* End PBXSourcesBuildPhase section */

/* Begin XCBuildConfiguration section */
		249BF6B22AE3683D00A3E2F1 /* Debug */ = {
			isa = XCBuildConfiguration;
			buildSettings = {
				ALWAYS_SEARCH_USER_PATHS = NO;
				ASSETCATALOG_COMPILER_GENERATE_SWIFT_ASSET_SYMBOL_EXTENSIONS = YES;
				CLANG_ANALYZER_NONNULL = YES;
				CLANG_ANALYZER_NUMBER_OBJECT_CONVERSION = YES_AGGRESSIVE;
				CLANG_CXX_LANGUAGE_STANDARD = "gnu++20";
				CLANG_ENABLE_MODULES = YES;
				CLANG_ENABLE_OBJC_ARC = YES;
				CLANG_ENABLE_OBJC_WEAK = YES;
				CLANG_WARN_BLOCK_CAPTURE_AUTORELEASING = YES;
				CLANG_WARN_BOOL_CONVERSION = YES;
				CLANG_WARN_COMMA = YES;
				CLANG_WARN_CONSTANT_CONVERSION = YES;
				CLANG_WARN_DEPRECATED_OBJC_IMPLEMENTATIONS = YES;
				CLANG_WARN_DIRECT_OBJC_ISA_USAGE = YES_ERROR;
				CLANG_WARN_DOCUMENTATION_COMMENTS = YES;
				CLANG_WARN_EMPTY_BODY = YES;
				CLANG_WARN_ENUM_CONVERSION = YES;
				CLANG_WARN_INFINITE_RECURSION = YES;
				CLANG_WARN_INT_CONVERSION = YES;
				CLANG_WARN_NON_LITERAL_NULL_CONVERSION = YES;
				CLANG_WARN_OBJC_IMPLICIT_RETAIN_SELF = YES;
				CLANG_WARN_OBJC_LITERAL_CONVERSION = YES;
				CLANG_WARN_OBJC_ROOT_CLASS = YES_ERROR;
				CLANG_WARN_QUOTED_INCLUDE_IN_FRAMEWORK_HEADER = YES;
				CLANG_WARN_RANGE_LOOP_ANALYSIS = YES;
				CLANG_WARN_STRICT_PROTOTYPES = YES;
				CLANG_WARN_SUSPICIOUS_MOVE = YES;
				CLANG_WARN_UNGUARDED_AVAILABILITY = YES_AGGRESSIVE;
				CLANG_WARN_UNREACHABLE_CODE = YES;
				CLANG_WARN__DUPLICATE_METHOD_MATCH = YES;
				COPY_PHASE_STRIP = NO;
				CURRENT_PROJECT_VERSION = 7;
				DEBUG_INFORMATION_FORMAT = dwarf;
				ENABLE_STRICT_OBJC_MSGSEND = YES;
				ENABLE_TESTABILITY = YES;
				ENABLE_USER_SCRIPT_SANDBOXING = YES;
				GCC_C_LANGUAGE_STANDARD = gnu17;
				GCC_DYNAMIC_NO_PIC = NO;
				GCC_NO_COMMON_BLOCKS = YES;
				GCC_OPTIMIZATION_LEVEL = 0;
				GCC_PREPROCESSOR_DEFINITIONS = (
					"DEBUG=1",
					"$(inherited)",
				);
				GCC_WARN_64_TO_32_BIT_CONVERSION = YES;
				GCC_WARN_ABOUT_RETURN_TYPE = YES_ERROR;
				GCC_WARN_UNDECLARED_SELECTOR = YES;
				GCC_WARN_UNINITIALIZED_AUTOS = YES_AGGRESSIVE;
				GCC_WARN_UNUSED_FUNCTION = YES;
				GCC_WARN_UNUSED_VARIABLE = YES;
				INFOPLIST_KEY_CFBundleDisplayName = "Heart Beats";
				INFOPLIST_KEY_LSApplicationCategoryType = "public.app-category.music";
				LOCALIZATION_PREFERS_STRING_CATALOGS = YES;
				MARKETING_VERSION = 1.3;
				MTL_ENABLE_DEBUG_INFO = INCLUDE_SOURCE;
				MTL_FAST_MATH = YES;
				ONLY_ACTIVE_ARCH = YES;
				PRODUCT_BUNDLE_IDENTIFIER = "is.ky.Heart-Beats";
				SWIFT_ACTIVE_COMPILATION_CONDITIONS = "DEBUG $(inherited)";
				SWIFT_OPTIMIZATION_LEVEL = "-Onone";
			};
			name = Debug;
		};
		249BF6B32AE3683D00A3E2F1 /* Release */ = {
			isa = XCBuildConfiguration;
			buildSettings = {
				ALWAYS_SEARCH_USER_PATHS = NO;
				ASSETCATALOG_COMPILER_GENERATE_SWIFT_ASSET_SYMBOL_EXTENSIONS = YES;
				CLANG_ANALYZER_NONNULL = YES;
				CLANG_ANALYZER_NUMBER_OBJECT_CONVERSION = YES_AGGRESSIVE;
				CLANG_CXX_LANGUAGE_STANDARD = "gnu++20";
				CLANG_ENABLE_MODULES = YES;
				CLANG_ENABLE_OBJC_ARC = YES;
				CLANG_ENABLE_OBJC_WEAK = YES;
				CLANG_WARN_BLOCK_CAPTURE_AUTORELEASING = YES;
				CLANG_WARN_BOOL_CONVERSION = YES;
				CLANG_WARN_COMMA = YES;
				CLANG_WARN_CONSTANT_CONVERSION = YES;
				CLANG_WARN_DEPRECATED_OBJC_IMPLEMENTATIONS = YES;
				CLANG_WARN_DIRECT_OBJC_ISA_USAGE = YES_ERROR;
				CLANG_WARN_DOCUMENTATION_COMMENTS = YES;
				CLANG_WARN_EMPTY_BODY = YES;
				CLANG_WARN_ENUM_CONVERSION = YES;
				CLANG_WARN_INFINITE_RECURSION = YES;
				CLANG_WARN_INT_CONVERSION = YES;
				CLANG_WARN_NON_LITERAL_NULL_CONVERSION = YES;
				CLANG_WARN_OBJC_IMPLICIT_RETAIN_SELF = YES;
				CLANG_WARN_OBJC_LITERAL_CONVERSION = YES;
				CLANG_WARN_OBJC_ROOT_CLASS = YES_ERROR;
				CLANG_WARN_QUOTED_INCLUDE_IN_FRAMEWORK_HEADER = YES;
				CLANG_WARN_RANGE_LOOP_ANALYSIS = YES;
				CLANG_WARN_STRICT_PROTOTYPES = YES;
				CLANG_WARN_SUSPICIOUS_MOVE = YES;
				CLANG_WARN_UNGUARDED_AVAILABILITY = YES_AGGRESSIVE;
				CLANG_WARN_UNREACHABLE_CODE = YES;
				CLANG_WARN__DUPLICATE_METHOD_MATCH = YES;
				COPY_PHASE_STRIP = NO;
				CURRENT_PROJECT_VERSION = 7;
				DEBUG_INFORMATION_FORMAT = "dwarf-with-dsym";
				ENABLE_NS_ASSERTIONS = NO;
				ENABLE_STRICT_OBJC_MSGSEND = YES;
				ENABLE_USER_SCRIPT_SANDBOXING = YES;
				GCC_C_LANGUAGE_STANDARD = gnu17;
				GCC_NO_COMMON_BLOCKS = YES;
				GCC_WARN_64_TO_32_BIT_CONVERSION = YES;
				GCC_WARN_ABOUT_RETURN_TYPE = YES_ERROR;
				GCC_WARN_UNDECLARED_SELECTOR = YES;
				GCC_WARN_UNINITIALIZED_AUTOS = YES_AGGRESSIVE;
				GCC_WARN_UNUSED_FUNCTION = YES;
				GCC_WARN_UNUSED_VARIABLE = YES;
				INFOPLIST_KEY_CFBundleDisplayName = "Heart Beats";
				INFOPLIST_KEY_LSApplicationCategoryType = "public.app-category.music";
				LOCALIZATION_PREFERS_STRING_CATALOGS = YES;
				MARKETING_VERSION = 1.3;
				MTL_ENABLE_DEBUG_INFO = NO;
				MTL_FAST_MATH = YES;
				PRODUCT_BUNDLE_IDENTIFIER = "is.ky.Heart-Beats";
				SWIFT_COMPILATION_MODE = wholemodule;
			};
			name = Release;
		};
		249BF6B52AE3683D00A3E2F1 /* Debug */ = {
			isa = XCBuildConfiguration;
			buildSettings = {
				ASSETCATALOG_COMPILER_APPICON_NAME = AppIcon;
				ASSETCATALOG_COMPILER_GLOBAL_ACCENT_COLOR_NAME = AccentColor;
				CODE_SIGN_ENTITLEMENTS = Assets/HeartBeats.entitlements;
				CODE_SIGN_STYLE = Automatic;
				DEVELOPMENT_ASSET_PATHS = "\"Assets/Preview Content\"";
				DEVELOPMENT_TEAM = P3YWQG9C86;
				ENABLE_HARDENED_RUNTIME = YES;
				ENABLE_PREVIEWS = YES;
				GENERATE_INFOPLIST_FILE = YES;
				INFOPLIST_FILE = Assets/Info.plist;
				INFOPLIST_KEY_CFBundleDisplayName = "Heart Beats";
				INFOPLIST_KEY_LSApplicationCategoryType = "public.app-category.music";
				INFOPLIST_KEY_NSAppleMusicUsageDescription = "Enables you to choose artists and genres from your library to play in Heart Beats.";
				"INFOPLIST_KEY_UIApplicationSceneManifest_Generation[sdk=iphoneos*]" = YES;
				"INFOPLIST_KEY_UIApplicationSceneManifest_Generation[sdk=iphonesimulator*]" = YES;
				"INFOPLIST_KEY_UIApplicationSupportsIndirectInputEvents[sdk=iphoneos*]" = YES;
				"INFOPLIST_KEY_UIApplicationSupportsIndirectInputEvents[sdk=iphonesimulator*]" = YES;
				"INFOPLIST_KEY_UILaunchScreen_Generation[sdk=iphoneos*]" = YES;
				"INFOPLIST_KEY_UILaunchScreen_Generation[sdk=iphonesimulator*]" = YES;
				"INFOPLIST_KEY_UIStatusBarStyle[sdk=iphoneos*]" = UIStatusBarStyleDefault;
				"INFOPLIST_KEY_UIStatusBarStyle[sdk=iphonesimulator*]" = UIStatusBarStyleDefault;
				INFOPLIST_KEY_UISupportedInterfaceOrientations = UIInterfaceOrientationPortrait;
				INFOPLIST_KEY_UISupportedInterfaceOrientations_iPad = "UIInterfaceOrientationLandscapeLeft UIInterfaceOrientationLandscapeRight UIInterfaceOrientationPortrait UIInterfaceOrientationPortraitUpsideDown";
				IPHONEOS_DEPLOYMENT_TARGET = 17.0;
				LD_RUNPATH_SEARCH_PATHS = "@executable_path/Frameworks";
				"LD_RUNPATH_SEARCH_PATHS[sdk=macosx*]" = "@executable_path/../Frameworks";
				MACOSX_DEPLOYMENT_TARGET = 14.0;
				PRODUCT_NAME = "${TARGET_NAME}";
				SDKROOT = auto;
				SUPPORTED_PLATFORMS = "iphoneos iphonesimulator";
				SUPPORTS_MACCATALYST = NO;
				SUPPORTS_MAC_DESIGNED_FOR_IPHONE_IPAD = YES;
				SWIFT_EMIT_LOC_STRINGS = YES;
				SWIFT_VERSION = 5.0;
				TARGETED_DEVICE_FAMILY = "1,2";
			};
			name = Debug;
		};
		249BF6B62AE3683D00A3E2F1 /* Release */ = {
			isa = XCBuildConfiguration;
			buildSettings = {
				ASSETCATALOG_COMPILER_APPICON_NAME = AppIcon;
				ASSETCATALOG_COMPILER_GLOBAL_ACCENT_COLOR_NAME = AccentColor;
				CODE_SIGN_ENTITLEMENTS = Assets/HeartBeats.entitlements;
				CODE_SIGN_STYLE = Automatic;
				DEVELOPMENT_ASSET_PATHS = "\"Assets/Preview Content\"";
				DEVELOPMENT_TEAM = P3YWQG9C86;
				ENABLE_HARDENED_RUNTIME = YES;
				ENABLE_PREVIEWS = YES;
				GENERATE_INFOPLIST_FILE = YES;
				INFOPLIST_FILE = Assets/Info.plist;
				INFOPLIST_KEY_CFBundleDisplayName = "Heart Beats";
				INFOPLIST_KEY_LSApplicationCategoryType = "public.app-category.music";
				INFOPLIST_KEY_NSAppleMusicUsageDescription = "Enables you to choose artists and genres from your library to play in Heart Beats.";
				"INFOPLIST_KEY_UIApplicationSceneManifest_Generation[sdk=iphoneos*]" = YES;
				"INFOPLIST_KEY_UIApplicationSceneManifest_Generation[sdk=iphonesimulator*]" = YES;
				"INFOPLIST_KEY_UIApplicationSupportsIndirectInputEvents[sdk=iphoneos*]" = YES;
				"INFOPLIST_KEY_UIApplicationSupportsIndirectInputEvents[sdk=iphonesimulator*]" = YES;
				"INFOPLIST_KEY_UILaunchScreen_Generation[sdk=iphoneos*]" = YES;
				"INFOPLIST_KEY_UILaunchScreen_Generation[sdk=iphonesimulator*]" = YES;
				"INFOPLIST_KEY_UIStatusBarStyle[sdk=iphoneos*]" = UIStatusBarStyleDefault;
				"INFOPLIST_KEY_UIStatusBarStyle[sdk=iphonesimulator*]" = UIStatusBarStyleDefault;
				INFOPLIST_KEY_UISupportedInterfaceOrientations = UIInterfaceOrientationPortrait;
				INFOPLIST_KEY_UISupportedInterfaceOrientations_iPad = "UIInterfaceOrientationLandscapeLeft UIInterfaceOrientationLandscapeRight UIInterfaceOrientationPortrait UIInterfaceOrientationPortraitUpsideDown";
				IPHONEOS_DEPLOYMENT_TARGET = 17.0;
				LD_RUNPATH_SEARCH_PATHS = "@executable_path/Frameworks";
				"LD_RUNPATH_SEARCH_PATHS[sdk=macosx*]" = "@executable_path/../Frameworks";
				MACOSX_DEPLOYMENT_TARGET = 14.0;
				PRODUCT_NAME = "${TARGET_NAME}";
				SDKROOT = auto;
				SUPPORTED_PLATFORMS = "iphoneos iphonesimulator";
				SUPPORTS_MACCATALYST = NO;
				SUPPORTS_MAC_DESIGNED_FOR_IPHONE_IPAD = YES;
				SWIFT_EMIT_LOC_STRINGS = YES;
				SWIFT_VERSION = 5.0;
				TARGETED_DEVICE_FAMILY = "1,2";
			};
			name = Release;
		};
/* End XCBuildConfiguration section */

/* Begin XCConfigurationList section */
		249BF6A02AE3683C00A3E2F1 /* Build configuration list for PBXProject "Heart Beats" */ = {
			isa = XCConfigurationList;
			buildConfigurations = (
				249BF6B22AE3683D00A3E2F1 /* Debug */,
				249BF6B32AE3683D00A3E2F1 /* Release */,
			);
			defaultConfigurationIsVisible = 0;
			defaultConfigurationName = Release;
		};
		249BF6B42AE3683D00A3E2F1 /* Build configuration list for PBXNativeTarget "Heart Beats" */ = {
			isa = XCConfigurationList;
			buildConfigurations = (
				249BF6B52AE3683D00A3E2F1 /* Debug */,
				249BF6B62AE3683D00A3E2F1 /* Release */,
			);
			defaultConfigurationIsVisible = 0;
			defaultConfigurationName = Release;
		};
/* End XCConfigurationList section */
	};
	rootObject = 249BF69D2AE3683C00A3E2F1 /* Project object */;
}
